// !$*UTF8*$!
{
	archiveVersion = 1;
	classes = {
	};
	objectVersion = 51;
	objects = {

/* Begin PBXBuildFile section */
		3694D48F23BCD43A00BB9425 /* AppDelegate.swift in Sources */ = {isa = PBXBuildFile; fileRef = 3694D48E23BCD43A00BB9425 /* AppDelegate.swift */; };
		3694D49123BCD43A00BB9425 /* SceneDelegate.swift in Sources */ = {isa = PBXBuildFile; fileRef = 3694D49023BCD43A00BB9425 /* SceneDelegate.swift */; };
		3694D49323BCD43A00BB9425 /* ViewController.swift in Sources */ = {isa = PBXBuildFile; fileRef = 3694D49223BCD43A00BB9425 /* ViewController.swift */; };
		3694D49623BCD43A00BB9425 /* Main.storyboard in Resources */ = {isa = PBXBuildFile; fileRef = 3694D49423BCD43A00BB9425 /* Main.storyboard */; };
		3694D49823BCD43C00BB9425 /* Assets.xcassets in Resources */ = {isa = PBXBuildFile; fileRef = 3694D49723BCD43C00BB9425 /* Assets.xcassets */; };
		3694D49B23BCD43C00BB9425 /* LaunchScreen.storyboard in Resources */ = {isa = PBXBuildFile; fileRef = 3694D49923BCD43C00BB9425 /* LaunchScreen.storyboard */; };
		3694D4A623BCD43C00BB9425 /* RainTalkTests.swift in Sources */ = {isa = PBXBuildFile; fileRef = 3694D4A523BCD43C00BB9425 /* RainTalkTests.swift */; };
		3694D4B123BCD43C00BB9425 /* RainTalkUITests.swift in Sources */ = {isa = PBXBuildFile; fileRef = 3694D4B023BCD43C00BB9425 /* RainTalkUITests.swift */; };
		3694D4BF23BCD67600BB9425 /* GoogleService-Info.plist in Resources */ = {isa = PBXBuildFile; fileRef = 3694D4BE23BCD67600BB9425 /* GoogleService-Info.plist */; };
		3694D4C123BCE0BF00BB9425 /* RemoteConfigDefaults.plist in Resources */ = {isa = PBXBuildFile; fileRef = 3694D4C023BCE0BF00BB9425 /* RemoteConfigDefaults.plist */; };
		3F20CE81E309559FE14F2BD9 /* Pods_RainTalk.framework in Frameworks */ = {isa = PBXBuildFile; fileRef = 87F69B15FA861A9A643201A7 /* Pods_RainTalk.framework */; };
		54B85657143C411E7DADDE40 /* Pods_RainTalkTests.framework in Frameworks */ = {isa = PBXBuildFile; fileRef = DB5D032CEE988016A1107CD6 /* Pods_RainTalkTests.framework */; };
		E85E772B7B798802B0C4E5A9 /* Pods_RainTalk_RainTalkUITests.framework in Frameworks */ = {isa = PBXBuildFile; fileRef = D7720D82FC535D6016AC0416 /* Pods_RainTalk_RainTalkUITests.framework */; };
/* End PBXBuildFile section */

/* Begin PBXContainerItemProxy section */
		3694D4A223BCD43C00BB9425 /* PBXContainerItemProxy */ = {
			isa = PBXContainerItemProxy;
			containerPortal = 3694D48323BCD43A00BB9425 /* Project object */;
			proxyType = 1;
			remoteGlobalIDString = 3694D48A23BCD43A00BB9425;
			remoteInfo = RainTalk;
		};
		3694D4AD23BCD43C00BB9425 /* PBXContainerItemProxy */ = {
			isa = PBXContainerItemProxy;
			containerPortal = 3694D48323BCD43A00BB9425 /* Project object */;
			proxyType = 1;
			remoteGlobalIDString = 3694D48A23BCD43A00BB9425;
			remoteInfo = RainTalk;
		};
/* End PBXContainerItemProxy section */

/* Begin PBXFileReference section */
		13F16004C02104F51FD957CA /* Pods-RainTalk-RainTalkUITests.debug.xcconfig */ = {isa = PBXFileReference; includeInIndex = 1; lastKnownFileType = text.xcconfig; name = "Pods-RainTalk-RainTalkUITests.debug.xcconfig"; path = "Target Support Files/Pods-RainTalk-RainTalkUITests/Pods-RainTalk-RainTalkUITests.debug.xcconfig"; sourceTree = "<group>"; };
		3694D48B23BCD43A00BB9425 /* RainTalk.app */ = {isa = PBXFileReference; explicitFileType = wrapper.application; includeInIndex = 0; path = RainTalk.app; sourceTree = BUILT_PRODUCTS_DIR; };
		3694D48E23BCD43A00BB9425 /* AppDelegate.swift */ = {isa = PBXFileReference; lastKnownFileType = sourcecode.swift; path = AppDelegate.swift; sourceTree = "<group>"; };
		3694D49023BCD43A00BB9425 /* SceneDelegate.swift */ = {isa = PBXFileReference; lastKnownFileType = sourcecode.swift; path = SceneDelegate.swift; sourceTree = "<group>"; };
		3694D49223BCD43A00BB9425 /* ViewController.swift */ = {isa = PBXFileReference; lastKnownFileType = sourcecode.swift; path = ViewController.swift; sourceTree = "<group>"; };
		3694D49523BCD43A00BB9425 /* Base */ = {isa = PBXFileReference; lastKnownFileType = file.storyboard; name = Base; path = Base.lproj/Main.storyboard; sourceTree = "<group>"; };
		3694D49723BCD43C00BB9425 /* Assets.xcassets */ = {isa = PBXFileReference; lastKnownFileType = folder.assetcatalog; path = Assets.xcassets; sourceTree = "<group>"; };
		3694D49A23BCD43C00BB9425 /* Base */ = {isa = PBXFileReference; lastKnownFileType = file.storyboard; name = Base; path = Base.lproj/LaunchScreen.storyboard; sourceTree = "<group>"; };
		3694D49C23BCD43C00BB9425 /* Info.plist */ = {isa = PBXFileReference; lastKnownFileType = text.plist.xml; path = Info.plist; sourceTree = "<group>"; };
		3694D4A123BCD43C00BB9425 /* RainTalkTests.xctest */ = {isa = PBXFileReference; explicitFileType = wrapper.cfbundle; includeInIndex = 0; path = RainTalkTests.xctest; sourceTree = BUILT_PRODUCTS_DIR; };
		3694D4A523BCD43C00BB9425 /* RainTalkTests.swift */ = {isa = PBXFileReference; lastKnownFileType = sourcecode.swift; path = RainTalkTests.swift; sourceTree = "<group>"; };
		3694D4A723BCD43C00BB9425 /* Info.plist */ = {isa = PBXFileReference; lastKnownFileType = text.plist.xml; path = Info.plist; sourceTree = "<group>"; };
		3694D4AC23BCD43C00BB9425 /* RainTalkUITests.xctest */ = {isa = PBXFileReference; explicitFileType = wrapper.cfbundle; includeInIndex = 0; path = RainTalkUITests.xctest; sourceTree = BUILT_PRODUCTS_DIR; };
		3694D4B023BCD43C00BB9425 /* RainTalkUITests.swift */ = {isa = PBXFileReference; lastKnownFileType = sourcecode.swift; path = RainTalkUITests.swift; sourceTree = "<group>"; };
		3694D4B223BCD43C00BB9425 /* Info.plist */ = {isa = PBXFileReference; lastKnownFileType = text.plist.xml; path = Info.plist; sourceTree = "<group>"; };
		3694D4BE23BCD67600BB9425 /* GoogleService-Info.plist */ = {isa = PBXFileReference; lastKnownFileType = text.plist; path = "GoogleService-Info.plist"; sourceTree = SOURCE_ROOT; };
		3694D4C023BCE0BF00BB9425 /* RemoteConfigDefaults.plist */ = {isa = PBXFileReference; lastKnownFileType = text.plist.xml; path = RemoteConfigDefaults.plist; sourceTree = "<group>"; };
		86B7E5F9BFAD598FEC8829A1 /* Pods-RainTalkTests.release.xcconfig */ = {isa = PBXFileReference; includeInIndex = 1; lastKnownFileType = text.xcconfig; name = "Pods-RainTalkTests.release.xcconfig"; path = "Target Support Files/Pods-RainTalkTests/Pods-RainTalkTests.release.xcconfig"; sourceTree = "<group>"; };
		87F69B15FA861A9A643201A7 /* Pods_RainTalk.framework */ = {isa = PBXFileReference; explicitFileType = wrapper.framework; includeInIndex = 0; path = Pods_RainTalk.framework; sourceTree = BUILT_PRODUCTS_DIR; };
		8F80B83DA2368BE50C4A5862 /* Pods-RainTalk.debug.xcconfig */ = {isa = PBXFileReference; includeInIndex = 1; lastKnownFileType = text.xcconfig; name = "Pods-RainTalk.debug.xcconfig"; path = "Target Support Files/Pods-RainTalk/Pods-RainTalk.debug.xcconfig"; sourceTree = "<group>"; };
		C1A1CAE2A05DD014BAD2A37C /* Pods-RainTalkTests.debug.xcconfig */ = {isa = PBXFileReference; includeInIndex = 1; lastKnownFileType = text.xcconfig; name = "Pods-RainTalkTests.debug.xcconfig"; path = "Target Support Files/Pods-RainTalkTests/Pods-RainTalkTests.debug.xcconfig"; sourceTree = "<group>"; };
		D7720D82FC535D6016AC0416 /* Pods_RainTalk_RainTalkUITests.framework */ = {isa = PBXFileReference; explicitFileType = wrapper.framework; includeInIndex = 0; path = Pods_RainTalk_RainTalkUITests.framework; sourceTree = BUILT_PRODUCTS_DIR; };
		DB5D032CEE988016A1107CD6 /* Pods_RainTalkTests.framework */ = {isa = PBXFileReference; explicitFileType = wrapper.framework; includeInIndex = 0; path = Pods_RainTalkTests.framework; sourceTree = BUILT_PRODUCTS_DIR; };
		DD002696CF99B41C1A72BA61 /* Pods-RainTalk.release.xcconfig */ = {isa = PBXFileReference; includeInIndex = 1; lastKnownFileType = text.xcconfig; name = "Pods-RainTalk.release.xcconfig"; path = "Target Support Files/Pods-RainTalk/Pods-RainTalk.release.xcconfig"; sourceTree = "<group>"; };
		E39DB374F16E1FF5D65F0F4C /* Pods-RainTalk-RainTalkUITests.release.xcconfig */ = {isa = PBXFileReference; includeInIndex = 1; lastKnownFileType = text.xcconfig; name = "Pods-RainTalk-RainTalkUITests.release.xcconfig"; path = "Target Support Files/Pods-RainTalk-RainTalkUITests/Pods-RainTalk-RainTalkUITests.release.xcconfig"; sourceTree = "<group>"; };
/* End PBXFileReference section */

/* Begin PBXFrameworksBuildPhase section */
		3694D48823BCD43A00BB9425 /* Frameworks */ = {
			isa = PBXFrameworksBuildPhase;
			buildActionMask = 2147483647;
			files = (
				3F20CE81E309559FE14F2BD9 /* Pods_RainTalk.framework in Frameworks */,
			);
			runOnlyForDeploymentPostprocessing = 0;
		};
		3694D49E23BCD43C00BB9425 /* Frameworks */ = {
			isa = PBXFrameworksBuildPhase;
			buildActionMask = 2147483647;
			files = (
				54B85657143C411E7DADDE40 /* Pods_RainTalkTests.framework in Frameworks */,
			);
			runOnlyForDeploymentPostprocessing = 0;
		};
		3694D4A923BCD43C00BB9425 /* Frameworks */ = {
			isa = PBXFrameworksBuildPhase;
			buildActionMask = 2147483647;
			files = (
				E85E772B7B798802B0C4E5A9 /* Pods_RainTalk_RainTalkUITests.framework in Frameworks */,
			);
			runOnlyForDeploymentPostprocessing = 0;
		};
/* End PBXFrameworksBuildPhase section */

/* Begin PBXGroup section */
		3694D48223BCD43A00BB9425 = {
			isa = PBXGroup;
			children = (
				3694D48D23BCD43A00BB9425 /* RainTalk */,
				3694D4A423BCD43C00BB9425 /* RainTalkTests */,
				3694D4AF23BCD43C00BB9425 /* RainTalkUITests */,
				3694D48C23BCD43A00BB9425 /* Products */,
				76BAEEE6787D412FAEACCAB7 /* Pods */,
				D2BA039B18C6DC56B21F5079 /* Frameworks */,
			);
			sourceTree = "<group>";
		};
		3694D48C23BCD43A00BB9425 /* Products */ = {
			isa = PBXGroup;
			children = (
				3694D48B23BCD43A00BB9425 /* RainTalk.app */,
				3694D4A123BCD43C00BB9425 /* RainTalkTests.xctest */,
				3694D4AC23BCD43C00BB9425 /* RainTalkUITests.xctest */,
			);
			name = Products;
			sourceTree = "<group>";
		};
		3694D48D23BCD43A00BB9425 /* RainTalk */ = {
			isa = PBXGroup;
			children = (
				3694D4BE23BCD67600BB9425 /* GoogleService-Info.plist */,
				3694D48E23BCD43A00BB9425 /* AppDelegate.swift */,
				3694D49023BCD43A00BB9425 /* SceneDelegate.swift */,
				3694D49223BCD43A00BB9425 /* ViewController.swift */,
				3694D49423BCD43A00BB9425 /* Main.storyboard */,
				3694D49723BCD43C00BB9425 /* Assets.xcassets */,
				3694D49923BCD43C00BB9425 /* LaunchScreen.storyboard */,
				3694D49C23BCD43C00BB9425 /* Info.plist */,
				3694D4C023BCE0BF00BB9425 /* RemoteConfigDefaults.plist */,
			);
			path = RainTalk;
			sourceTree = "<group>";
		};
		3694D4A423BCD43C00BB9425 /* RainTalkTests */ = {
			isa = PBXGroup;
			children = (
				3694D4A523BCD43C00BB9425 /* RainTalkTests.swift */,
				3694D4A723BCD43C00BB9425 /* Info.plist */,
			);
			path = RainTalkTests;
			sourceTree = "<group>";
		};
		3694D4AF23BCD43C00BB9425 /* RainTalkUITests */ = {
			isa = PBXGroup;
			children = (
				3694D4B023BCD43C00BB9425 /* RainTalkUITests.swift */,
				3694D4B223BCD43C00BB9425 /* Info.plist */,
			);
			path = RainTalkUITests;
			sourceTree = "<group>";
		};
		76BAEEE6787D412FAEACCAB7 /* Pods */ = {
			isa = PBXGroup;
			children = (
				8F80B83DA2368BE50C4A5862 /* Pods-RainTalk.debug.xcconfig */,
				DD002696CF99B41C1A72BA61 /* Pods-RainTalk.release.xcconfig */,
				13F16004C02104F51FD957CA /* Pods-RainTalk-RainTalkUITests.debug.xcconfig */,
				E39DB374F16E1FF5D65F0F4C /* Pods-RainTalk-RainTalkUITests.release.xcconfig */,
				C1A1CAE2A05DD014BAD2A37C /* Pods-RainTalkTests.debug.xcconfig */,
				86B7E5F9BFAD598FEC8829A1 /* Pods-RainTalkTests.release.xcconfig */,
			);
			path = Pods;
			sourceTree = "<group>";
		};
		D2BA039B18C6DC56B21F5079 /* Frameworks */ = {
			isa = PBXGroup;
			children = (
				87F69B15FA861A9A643201A7 /* Pods_RainTalk.framework */,
				D7720D82FC535D6016AC0416 /* Pods_RainTalk_RainTalkUITests.framework */,
				DB5D032CEE988016A1107CD6 /* Pods_RainTalkTests.framework */,
			);
			name = Frameworks;
			sourceTree = "<group>";
		};
/* End PBXGroup section */

/* Begin PBXNativeTarget section */
		3694D48A23BCD43A00BB9425 /* RainTalk */ = {
			isa = PBXNativeTarget;
			buildConfigurationList = 3694D4B523BCD43C00BB9425 /* Build configuration list for PBXNativeTarget "RainTalk" */;
			buildPhases = (
				320E36BDC9D90C56648DBAE3 /* [CP] Check Pods Manifest.lock */,
				3694D48723BCD43A00BB9425 /* Sources */,
				3694D48823BCD43A00BB9425 /* Frameworks */,
				3694D48923BCD43A00BB9425 /* Resources */,
				9383E65507F88466D00C2483 /* [CP] Embed Pods Frameworks */,
			);
			buildRules = (
			);
			dependencies = (
			);
			name = RainTalk;
			productName = RainTalk;
			productReference = 3694D48B23BCD43A00BB9425 /* RainTalk.app */;
			productType = "com.apple.product-type.application";
		};
		3694D4A023BCD43C00BB9425 /* RainTalkTests */ = {
			isa = PBXNativeTarget;
			buildConfigurationList = 3694D4B823BCD43C00BB9425 /* Build configuration list for PBXNativeTarget "RainTalkTests" */;
			buildPhases = (
				272B10D3F0F22D116B3A9AF8 /* [CP] Check Pods Manifest.lock */,
				3694D49D23BCD43C00BB9425 /* Sources */,
				3694D49E23BCD43C00BB9425 /* Frameworks */,
				3694D49F23BCD43C00BB9425 /* Resources */,
			);
			buildRules = (
			);
			dependencies = (
				3694D4A323BCD43C00BB9425 /* PBXTargetDependency */,
			);
			name = RainTalkTests;
			productName = RainTalkTests;
			productReference = 3694D4A123BCD43C00BB9425 /* RainTalkTests.xctest */;
			productType = "com.apple.product-type.bundle.unit-test";
		};
		3694D4AB23BCD43C00BB9425 /* RainTalkUITests */ = {
			isa = PBXNativeTarget;
			buildConfigurationList = 3694D4BB23BCD43C00BB9425 /* Build configuration list for PBXNativeTarget "RainTalkUITests" */;
			buildPhases = (
				4CC9BD0E22F0DF8FD1EFC4BA /* [CP] Check Pods Manifest.lock */,
				3694D4A823BCD43C00BB9425 /* Sources */,
				3694D4A923BCD43C00BB9425 /* Frameworks */,
				3694D4AA23BCD43C00BB9425 /* Resources */,
				B81654495B13DDBEA9CF8230 /* [CP] Embed Pods Frameworks */,
			);
			buildRules = (
			);
			dependencies = (
				3694D4AE23BCD43C00BB9425 /* PBXTargetDependency */,
			);
			name = RainTalkUITests;
			productName = RainTalkUITests;
			productReference = 3694D4AC23BCD43C00BB9425 /* RainTalkUITests.xctest */;
			productType = "com.apple.product-type.bundle.ui-testing";
		};
/* End PBXNativeTarget section */

/* Begin PBXProject section */
		3694D48323BCD43A00BB9425 /* Project object */ = {
			isa = PBXProject;
			attributes = {
				LastSwiftUpdateCheck = 1130;
				LastUpgradeCheck = 1130;
				ORGANIZATIONNAME = Jinu;
				TargetAttributes = {
					3694D48A23BCD43A00BB9425 = {
						CreatedOnToolsVersion = 11.3;
					};
					3694D4A023BCD43C00BB9425 = {
						CreatedOnToolsVersion = 11.3;
						TestTargetID = 3694D48A23BCD43A00BB9425;
					};
					3694D4AB23BCD43C00BB9425 = {
						CreatedOnToolsVersion = 11.3;
						TestTargetID = 3694D48A23BCD43A00BB9425;
					};
				};
			};
			buildConfigurationList = 3694D48623BCD43A00BB9425 /* Build configuration list for PBXProject "RainTalk" */;
			compatibilityVersion = "Xcode 9.3";
			developmentRegion = en;
			hasScannedForEncodings = 0;
			knownRegions = (
				en,
				Base,
			);
			mainGroup = 3694D48223BCD43A00BB9425;
			productRefGroup = 3694D48C23BCD43A00BB9425 /* Products */;
			projectDirPath = "";
			projectRoot = "";
			targets = (
				3694D48A23BCD43A00BB9425 /* RainTalk */,
				3694D4A023BCD43C00BB9425 /* RainTalkTests */,
				3694D4AB23BCD43C00BB9425 /* RainTalkUITests */,
			);
		};
/* End PBXProject section */

/* Begin PBXResourcesBuildPhase section */
		3694D48923BCD43A00BB9425 /* Resources */ = {
			isa = PBXResourcesBuildPhase;
			buildActionMask = 2147483647;
			files = (
				3694D49B23BCD43C00BB9425 /* LaunchScreen.storyboard in Resources */,
				3694D4C123BCE0BF00BB9425 /* RemoteConfigDefaults.plist in Resources */,
				3694D4BF23BCD67600BB9425 /* GoogleService-Info.plist in Resources */,
				3694D49823BCD43C00BB9425 /* Assets.xcassets in Resources */,
				3694D49623BCD43A00BB9425 /* Main.storyboard in Resources */,
			);
			runOnlyForDeploymentPostprocessing = 0;
		};
		3694D49F23BCD43C00BB9425 /* Resources */ = {
			isa = PBXResourcesBuildPhase;
			buildActionMask = 2147483647;
			files = (
			);
			runOnlyForDeploymentPostprocessing = 0;
		};
		3694D4AA23BCD43C00BB9425 /* Resources */ = {
			isa = PBXResourcesBuildPhase;
			buildActionMask = 2147483647;
			files = (
			);
			runOnlyForDeploymentPostprocessing = 0;
		};
/* End PBXResourcesBuildPhase section */

/* Begin PBXShellScriptBuildPhase section */
		272B10D3F0F22D116B3A9AF8 /* [CP] Check Pods Manifest.lock */ = {
			isa = PBXShellScriptBuildPhase;
			buildActionMask = 2147483647;
			files = (
			);
			inputFileListPaths = (
			);
			inputPaths = (
				"${PODS_PODFILE_DIR_PATH}/Podfile.lock",
				"${PODS_ROOT}/Manifest.lock",
			);
			name = "[CP] Check Pods Manifest.lock";
			outputFileListPaths = (
			);
			outputPaths = (
				"$(DERIVED_FILE_DIR)/Pods-RainTalkTests-checkManifestLockResult.txt",
			);
			runOnlyForDeploymentPostprocessing = 0;
			shellPath = /bin/sh;
			shellScript = "diff \"${PODS_PODFILE_DIR_PATH}/Podfile.lock\" \"${PODS_ROOT}/Manifest.lock\" > /dev/null\nif [ $? != 0 ] ; then\n    # print error to STDERR\n    echo \"error: The sandbox is not in sync with the Podfile.lock. Run 'pod install' or update your CocoaPods installation.\" >&2\n    exit 1\nfi\n# This output is used by Xcode 'outputs' to avoid re-running this script phase.\necho \"SUCCESS\" > \"${SCRIPT_OUTPUT_FILE_0}\"\n";
			showEnvVarsInLog = 0;
		};
		320E36BDC9D90C56648DBAE3 /* [CP] Check Pods Manifest.lock */ = {
			isa = PBXShellScriptBuildPhase;
			buildActionMask = 2147483647;
			files = (
			);
			inputFileListPaths = (
			);
			inputPaths = (
				"${PODS_PODFILE_DIR_PATH}/Podfile.lock",
				"${PODS_ROOT}/Manifest.lock",
			);
			name = "[CP] Check Pods Manifest.lock";
			outputFileListPaths = (
			);
			outputPaths = (
				"$(DERIVED_FILE_DIR)/Pods-RainTalk-checkManifestLockResult.txt",
			);
			runOnlyForDeploymentPostprocessing = 0;
			shellPath = /bin/sh;
			shellScript = "diff \"${PODS_PODFILE_DIR_PATH}/Podfile.lock\" \"${PODS_ROOT}/Manifest.lock\" > /dev/null\nif [ $? != 0 ] ; then\n    # print error to STDERR\n    echo \"error: The sandbox is not in sync with the Podfile.lock. Run 'pod install' or update your CocoaPods installation.\" >&2\n    exit 1\nfi\n# This output is used by Xcode 'outputs' to avoid re-running this script phase.\necho \"SUCCESS\" > \"${SCRIPT_OUTPUT_FILE_0}\"\n";
			showEnvVarsInLog = 0;
		};
		4CC9BD0E22F0DF8FD1EFC4BA /* [CP] Check Pods Manifest.lock */ = {
			isa = PBXShellScriptBuildPhase;
			buildActionMask = 2147483647;
			files = (
			);
			inputFileListPaths = (
			);
			inputPaths = (
				"${PODS_PODFILE_DIR_PATH}/Podfile.lock",
				"${PODS_ROOT}/Manifest.lock",
			);
			name = "[CP] Check Pods Manifest.lock";
			outputFileListPaths = (
			);
			outputPaths = (
				"$(DERIVED_FILE_DIR)/Pods-RainTalk-RainTalkUITests-checkManifestLockResult.txt",
			);
			runOnlyForDeploymentPostprocessing = 0;
			shellPath = /bin/sh;
			shellScript = "diff \"${PODS_PODFILE_DIR_PATH}/Podfile.lock\" \"${PODS_ROOT}/Manifest.lock\" > /dev/null\nif [ $? != 0 ] ; then\n    # print error to STDERR\n    echo \"error: The sandbox is not in sync with the Podfile.lock. Run 'pod install' or update your CocoaPods installation.\" >&2\n    exit 1\nfi\n# This output is used by Xcode 'outputs' to avoid re-running this script phase.\necho \"SUCCESS\" > \"${SCRIPT_OUTPUT_FILE_0}\"\n";
			showEnvVarsInLog = 0;
		};
		9383E65507F88466D00C2483 /* [CP] Embed Pods Frameworks */ = {
			isa = PBXShellScriptBuildPhase;
			buildActionMask = 2147483647;
			files = (
			);
			inputFileListPaths = (
				"${PODS_ROOT}/Target Support Files/Pods-RainTalk/Pods-RainTalk-frameworks-${CONFIGURATION}-input-files.xcfilelist",
			);
			name = "[CP] Embed Pods Frameworks";
			outputFileListPaths = (
				"${PODS_ROOT}/Target Support Files/Pods-RainTalk/Pods-RainTalk-frameworks-${CONFIGURATION}-output-files.xcfilelist",
			);
			runOnlyForDeploymentPostprocessing = 0;
			shellPath = /bin/sh;
			shellScript = "\"${PODS_ROOT}/Target Support Files/Pods-RainTalk/Pods-RainTalk-frameworks.sh\"\n";
			showEnvVarsInLog = 0;
		};
		B81654495B13DDBEA9CF8230 /* [CP] Embed Pods Frameworks */ = {
			isa = PBXShellScriptBuildPhase;
			buildActionMask = 2147483647;
			files = (
			);
			inputFileListPaths = (
				"${PODS_ROOT}/Target Support Files/Pods-RainTalk-RainTalkUITests/Pods-RainTalk-RainTalkUITests-frameworks-${CONFIGURATION}-input-files.xcfilelist",
			);
			name = "[CP] Embed Pods Frameworks";
			outputFileListPaths = (
				"${PODS_ROOT}/Target Support Files/Pods-RainTalk-RainTalkUITests/Pods-RainTalk-RainTalkUITests-frameworks-${CONFIGURATION}-output-files.xcfilelist",
			);
			runOnlyForDeploymentPostprocessing = 0;
			shellPath = /bin/sh;
			shellScript = "\"${PODS_ROOT}/Target Support Files/Pods-RainTalk-RainTalkUITests/Pods-RainTalk-RainTalkUITests-frameworks.sh\"\n";
			showEnvVarsInLog = 0;
		};
/* End PBXShellScriptBuildPhase section */

/* Begin PBXSourcesBuildPhase section */
		3694D48723BCD43A00BB9425 /* Sources */ = {
			isa = PBXSourcesBuildPhase;
			buildActionMask = 2147483647;
			files = (
				3694D49323BCD43A00BB9425 /* ViewController.swift in Sources */,
				3694D48F23BCD43A00BB9425 /* AppDelegate.swift in Sources */,
				3694D49123BCD43A00BB9425 /* SceneDelegate.swift in Sources */,
			);
			runOnlyForDeploymentPostprocessing = 0;
		};
		3694D49D23BCD43C00BB9425 /* Sources */ = {
			isa = PBXSourcesBuildPhase;
			buildActionMask = 2147483647;
			files = (
				3694D4A623BCD43C00BB9425 /* RainTalkTests.swift in Sources */,
			);
			runOnlyForDeploymentPostprocessing = 0;
		};
		3694D4A823BCD43C00BB9425 /* Sources */ = {
			isa = PBXSourcesBuildPhase;
			buildActionMask = 2147483647;
			files = (
				3694D4B123BCD43C00BB9425 /* RainTalkUITests.swift in Sources */,
			);
			runOnlyForDeploymentPostprocessing = 0;
		};
/* End PBXSourcesBuildPhase section */

/* Begin PBXTargetDependency section */
		3694D4A323BCD43C00BB9425 /* PBXTargetDependency */ = {
			isa = PBXTargetDependency;
			target = 3694D48A23BCD43A00BB9425 /* RainTalk */;
			targetProxy = 3694D4A223BCD43C00BB9425 /* PBXContainerItemProxy */;
		};
		3694D4AE23BCD43C00BB9425 /* PBXTargetDependency */ = {
			isa = PBXTargetDependency;
			target = 3694D48A23BCD43A00BB9425 /* RainTalk */;
			targetProxy = 3694D4AD23BCD43C00BB9425 /* PBXContainerItemProxy */;
		};
/* End PBXTargetDependency section */

/* Begin PBXVariantGroup section */
		3694D49423BCD43A00BB9425 /* Main.storyboard */ = {
			isa = PBXVariantGroup;
			children = (
				3694D49523BCD43A00BB9425 /* Base */,
			);
			name = Main.storyboard;
			sourceTree = "<group>";
		};
		3694D49923BCD43C00BB9425 /* LaunchScreen.storyboard */ = {
			isa = PBXVariantGroup;
			children = (
				3694D49A23BCD43C00BB9425 /* Base */,
			);
			name = LaunchScreen.storyboard;
			sourceTree = "<group>";
		};
/* End PBXVariantGroup section */

/* Begin XCBuildConfiguration section */
		3694D4B323BCD43C00BB9425 /* Debug */ = {
			isa = XCBuildConfiguration;
			buildSettings = {
				ALWAYS_SEARCH_USER_PATHS = NO;
				CLANG_ANALYZER_NONNULL = YES;
				CLANG_ANALYZER_NUMBER_OBJECT_CONVERSION = YES_AGGRESSIVE;
				CLANG_CXX_LANGUAGE_STANDARD = "gnu++14";
				CLANG_CXX_LIBRARY = "libc++";
				CLANG_ENABLE_MODULES = YES;
				CLANG_ENABLE_OBJC_ARC = YES;
				CLANG_ENABLE_OBJC_WEAK = YES;
				CLANG_WARN_BLOCK_CAPTURE_AUTORELEASING = YES;
				CLANG_WARN_BOOL_CONVERSION = YES;
				CLANG_WARN_COMMA = YES;
				CLANG_WARN_CONSTANT_CONVERSION = YES;
				CLANG_WARN_DEPRECATED_OBJC_IMPLEMENTATIONS = YES;
				CLANG_WARN_DIRECT_OBJC_ISA_USAGE = YES_ERROR;
				CLANG_WARN_DOCUMENTATION_COMMENTS = YES;
				CLANG_WARN_EMPTY_BODY = YES;
				CLANG_WARN_ENUM_CONVERSION = YES;
				CLANG_WARN_INFINITE_RECURSION = YES;
				CLANG_WARN_INT_CONVERSION = YES;
				CLANG_WARN_NON_LITERAL_NULL_CONVERSION = YES;
				CLANG_WARN_OBJC_IMPLICIT_RETAIN_SELF = YES;
				CLANG_WARN_OBJC_LITERAL_CONVERSION = YES;
				CLANG_WARN_OBJC_ROOT_CLASS = YES_ERROR;
				CLANG_WARN_RANGE_LOOP_ANALYSIS = YES;
				CLANG_WARN_STRICT_PROTOTYPES = YES;
				CLANG_WARN_SUSPICIOUS_MOVE = YES;
				CLANG_WARN_UNGUARDED_AVAILABILITY = YES_AGGRESSIVE;
				CLANG_WARN_UNREACHABLE_CODE = YES;
				CLANG_WARN__DUPLICATE_METHOD_MATCH = YES;
				COPY_PHASE_STRIP = NO;
				DEBUG_INFORMATION_FORMAT = dwarf;
				ENABLE_STRICT_OBJC_MSGSEND = YES;
				ENABLE_TESTABILITY = YES;
				GCC_C_LANGUAGE_STANDARD = gnu11;
				GCC_DYNAMIC_NO_PIC = NO;
				GCC_NO_COMMON_BLOCKS = YES;
				GCC_OPTIMIZATION_LEVEL = 0;
				GCC_PREPROCESSOR_DEFINITIONS = (
					"DEBUG=1",
					"$(inherited)",
				);
				GCC_WARN_64_TO_32_BIT_CONVERSION = YES;
				GCC_WARN_ABOUT_RETURN_TYPE = YES_ERROR;
				GCC_WARN_UNDECLARED_SELECTOR = YES;
				GCC_WARN_UNINITIALIZED_AUTOS = YES_AGGRESSIVE;
				GCC_WARN_UNUSED_FUNCTION = YES;
				GCC_WARN_UNUSED_VARIABLE = YES;
				IPHONEOS_DEPLOYMENT_TARGET = 13.2;
				MTL_ENABLE_DEBUG_INFO = INCLUDE_SOURCE;
				MTL_FAST_MATH = YES;
				ONLY_ACTIVE_ARCH = YES;
				SDKROOT = iphoneos;
				SWIFT_ACTIVE_COMPILATION_CONDITIONS = DEBUG;
				SWIFT_OPTIMIZATION_LEVEL = "-Onone";
			};
			name = Debug;
		};
		3694D4B423BCD43C00BB9425 /* Release */ = {
			isa = XCBuildConfiguration;
			buildSettings = {
				ALWAYS_SEARCH_USER_PATHS = NO;
				CLANG_ANALYZER_NONNULL = YES;
				CLANG_ANALYZER_NUMBER_OBJECT_CONVERSION = YES_AGGRESSIVE;
				CLANG_CXX_LANGUAGE_STANDARD = "gnu++14";
				CLANG_CXX_LIBRARY = "libc++";
				CLANG_ENABLE_MODULES = YES;
				CLANG_ENABLE_OBJC_ARC = YES;
				CLANG_ENABLE_OBJC_WEAK = YES;
				CLANG_WARN_BLOCK_CAPTURE_AUTORELEASING = YES;
				CLANG_WARN_BOOL_CONVERSION = YES;
				CLANG_WARN_COMMA = YES;
				CLANG_WARN_CONSTANT_CONVERSION = YES;
				CLANG_WARN_DEPRECATED_OBJC_IMPLEMENTATIONS = YES;
				CLANG_WARN_DIRECT_OBJC_ISA_USAGE = YES_ERROR;
				CLANG_WARN_DOCUMENTATION_COMMENTS = YES;
				CLANG_WARN_EMPTY_BODY = YES;
				CLANG_WARN_ENUM_CONVERSION = YES;
				CLANG_WARN_INFINITE_RECURSION = YES;
				CLANG_WARN_INT_CONVERSION = YES;
				CLANG_WARN_NON_LITERAL_NULL_CONVERSION = YES;
				CLANG_WARN_OBJC_IMPLICIT_RETAIN_SELF = YES;
				CLANG_WARN_OBJC_LITERAL_CONVERSION = YES;
				CLANG_WARN_OBJC_ROOT_CLASS = YES_ERROR;
				CLANG_WARN_RANGE_LOOP_ANALYSIS = YES;
				CLANG_WARN_STRICT_PROTOTYPES = YES;
				CLANG_WARN_SUSPICIOUS_MOVE = YES;
				CLANG_WARN_UNGUARDED_AVAILABILITY = YES_AGGRESSIVE;
				CLANG_WARN_UNREACHABLE_CODE = YES;
				CLANG_WARN__DUPLICATE_METHOD_MATCH = YES;
				COPY_PHASE_STRIP = NO;
				DEBUG_INFORMATION_FORMAT = "dwarf-with-dsym";
				ENABLE_NS_ASSERTIONS = NO;
				ENABLE_STRICT_OBJC_MSGSEND = YES;
				GCC_C_LANGUAGE_STANDARD = gnu11;
				GCC_NO_COMMON_BLOCKS = YES;
				GCC_WARN_64_TO_32_BIT_CONVERSION = YES;
				GCC_WARN_ABOUT_RETURN_TYPE = YES_ERROR;
				GCC_WARN_UNDECLARED_SELECTOR = YES;
				GCC_WARN_UNINITIALIZED_AUTOS = YES_AGGRESSIVE;
				GCC_WARN_UNUSED_FUNCTION = YES;
				GCC_WARN_UNUSED_VARIABLE = YES;
				IPHONEOS_DEPLOYMENT_TARGET = 13.2;
				MTL_ENABLE_DEBUG_INFO = NO;
				MTL_FAST_MATH = YES;
				SDKROOT = iphoneos;
				SWIFT_COMPILATION_MODE = wholemodule;
				SWIFT_OPTIMIZATION_LEVEL = "-O";
				VALIDATE_PRODUCT = YES;
			};
			name = Release;
		};
		3694D4B623BCD43C00BB9425 /* Debug */ = {
			isa = XCBuildConfiguration;
			baseConfigurationReference = 8F80B83DA2368BE50C4A5862 /* Pods-RainTalk.debug.xcconfig */;
			buildSettings = {
				ASSETCATALOG_COMPILER_APPICON_NAME = AppIcon;
				CODE_SIGN_STYLE = Automatic;
				DEVELOPMENT_TEAM = 68ZWS6UAHS;
				INFOPLIST_FILE = RainTalk/Info.plist;
				LD_RUNPATH_SEARCH_PATHS = (
					"$(inherited)",
					"@executable_path/Frameworks",
				);
				PRODUCT_BUNDLE_IDENTIFIER = com.Jinu.RainTalk;
				PRODUCT_NAME = "$(TARGET_NAME)";
				SWIFT_VERSION = 5.0;
				TARGETED_DEVICE_FAMILY = "1,2";
			};
			name = Debug;
		};
		3694D4B723BCD43C00BB9425 /* Release */ = {
			isa = XCBuildConfiguration;
			baseConfigurationReference = DD002696CF99B41C1A72BA61 /* Pods-RainTalk.release.xcconfig */;
			buildSettings = {
				ASSETCATALOG_COMPILER_APPICON_NAME = AppIcon;
				CODE_SIGN_STYLE = Automatic;
				DEVELOPMENT_TEAM = 68ZWS6UAHS;
				INFOPLIST_FILE = RainTalk/Info.plist;
				LD_RUNPATH_SEARCH_PATHS = (
					"$(inherited)",
					"@executable_path/Frameworks",
				);
				PRODUCT_BUNDLE_IDENTIFIER = com.Jinu.RainTalk;
				PRODUCT_NAME = "$(TARGET_NAME)";
				SWIFT_VERSION = 5.0;
				TARGETED_DEVICE_FAMILY = "1,2";
			};
			name = Release;
		};
		3694D4B923BCD43C00BB9425 /* Debug */ = {
			isa = XCBuildConfiguration;
			baseConfigurationReference = C1A1CAE2A05DD014BAD2A37C /* Pods-RainTalkTests.debug.xcconfig */;
			buildSettings = {
				ALWAYS_EMBED_SWIFT_STANDARD_LIBRARIES = YES;
				BUNDLE_LOADER = "$(TEST_HOST)";
				CODE_SIGN_STYLE = Automatic;
				DEVELOPMENT_TEAM = 68ZWS6UAHS;
				INFOPLIST_FILE = RainTalkTests/Info.plist;
				IPHONEOS_DEPLOYMENT_TARGET = 13.2;
				LD_RUNPATH_SEARCH_PATHS = (
					"$(inherited)",
					"@executable_path/Frameworks",
					"@loader_path/Frameworks",
				);
				PRODUCT_BUNDLE_IDENTIFIER = com.Jinu.RainTalkTests;
				PRODUCT_NAME = "$(TARGET_NAME)";
				SWIFT_VERSION = 5.0;
				TARGETED_DEVICE_FAMILY = "1,2";
				TEST_HOST = "$(BUILT_PRODUCTS_DIR)/RainTalk.app/RainTalk";
			};
			name = Debug;
		};
		3694D4BA23BCD43C00BB9425 /* Release */ = {
			isa = XCBuildConfiguration;
			baseConfigurationReference = 86B7E5F9BFAD598FEC8829A1 /* Pods-RainTalkTests.release.xcconfig */;
			buildSettings = {
				ALWAYS_EMBED_SWIFT_STANDARD_LIBRARIES = YES;
				BUNDLE_LOADER = "$(TEST_HOST)";
				CODE_SIGN_STYLE = Automatic;
				DEVELOPMENT_TEAM = 68ZWS6UAHS;
				INFOPLIST_FILE = RainTalkTests/Info.plist;
				IPHONEOS_DEPLOYMENT_TARGET = 13.2;
				LD_RUNPATH_SEARCH_PATHS = (
					"$(inherited)",
					"@executable_path/Frameworks",
					"@loader_path/Frameworks",
				);
				PRODUCT_BUNDLE_IDENTIFIER = com.Jinu.RainTalkTests;
				PRODUCT_NAME = "$(TARGET_NAME)";
				SWIFT_VERSION = 5.0;
				TARGETED_DEVICE_FAMILY = "1,2";
				TEST_HOST = "$(BUILT_PRODUCTS_DIR)/RainTalk.app/RainTalk";
			};
			name = Release;
		};
		3694D4BC23BCD43C00BB9425 /* Debug */ = {
			isa = XCBuildConfiguration;
			baseConfigurationReference = 13F16004C02104F51FD957CA /* Pods-RainTalk-RainTalkUITests.debug.xcconfig */;
			buildSettings = {
				ALWAYS_EMBED_SWIFT_STANDARD_LIBRARIES = YES;
				CODE_SIGN_STYLE = Automatic;
				DEVELOPMENT_TEAM = 68ZWS6UAHS;
				INFOPLIST_FILE = RainTalkUITests/Info.plist;
				LD_RUNPATH_SEARCH_PATHS = (
					"$(inherited)",
					"@executable_path/Frameworks",
					"@loader_path/Frameworks",
				);
				PRODUCT_BUNDLE_IDENTIFIER = com.Jinu.RainTalkUITests;
				PRODUCT_NAME = "$(TARGET_NAME)";
				SWIFT_VERSION = 5.0;
				TARGETED_DEVICE_FAMILY = "1,2";
				TEST_TARGET_NAME = RainTalk;
			};
			name = Debug;
		};
		3694D4BD23BCD43C00BB9425 /* Release */ = {
			isa = XCBuildConfiguration;
			baseConfigurationReference = E39DB374F16E1FF5D65F0F4C /* Pods-RainTalk-RainTalkUITests.release.xcconfig */;
			buildSettings = {
				ALWAYS_EMBED_SWIFT_STANDARD_LIBRARIES = YES;
				CODE_SIGN_STYLE = Automatic;
				DEVELOPMENT_TEAM = 68ZWS6UAHS;
				INFOPLIST_FILE = RainTalkUITests/Info.plist;
				LD_RUNPATH_SEARCH_PATHS = (
					"$(inherited)",
					"@executable_path/Frameworks",
					"@loader_path/Frameworks",
				);
				PRODUCT_BUNDLE_IDENTIFIER = com.Jinu.RainTalkUITests;
				PRODUCT_NAME = "$(TARGET_NAME)";
				SWIFT_VERSION = 5.0;
				TARGETED_DEVICE_FAMILY = "1,2";
				TEST_TARGET_NAME = RainTalk;
			};
			name = Release;
		};
/* End XCBuildConfiguration section */

/* Begin XCConfigurationList section */
		3694D48623BCD43A00BB9425 /* Build configuration list for PBXProject "RainTalk" */ = {
			isa = XCConfigurationList;
			buildConfigurations = (
				3694D4B323BCD43C00BB9425 /* Debug */,
				3694D4B423BCD43C00BB9425 /* Release */,
			);
			defaultConfigurationIsVisible = 0;
			defaultConfigurationName = Release;
		};
		3694D4B523BCD43C00BB9425 /* Build configuration list for PBXNativeTarget "RainTalk" */ = {
			isa = XCConfigurationList;
			buildConfigurations = (
				3694D4B623BCD43C00BB9425 /* Debug */,
				3694D4B723BCD43C00BB9425 /* Release */,
			);
			defaultConfigurationIsVisible = 0;
			defaultConfigurationName = Release;
		};
		3694D4B823BCD43C00BB9425 /* Build configuration list for PBXNativeTarget "RainTalkTests" */ = {
			isa = XCConfigurationList;
			buildConfigurations = (
				3694D4B923BCD43C00BB9425 /* Debug */,
				3694D4BA23BCD43C00BB9425 /* Release */,
			);
			defaultConfigurationIsVisible = 0;
			defaultConfigurationName = Release;
		};
		3694D4BB23BCD43C00BB9425 /* Build configuration list for PBXNativeTarget "RainTalkUITests" */ = {
			isa = XCConfigurationList;
			buildConfigurations = (
				3694D4BC23BCD43C00BB9425 /* Debug */,
				3694D4BD23BCD43C00BB9425 /* Release */,
			);
			defaultConfigurationIsVisible = 0;
			defaultConfigurationName = Release;
		};
/* End XCConfigurationList section */
	};
	rootObject = 3694D48323BCD43A00BB9425 /* Project object */;
}
